{
  "name": "printscope-ar",
  "version": "1.0.0",
  "lockfileVersion": 3,
  "requires": true,
  "packages": {
    "": {
      "name": "printscope-ar",
      "version": "1.0.0",
      "dependencies": {
        "idb": "8.0.3",
        "lucide-react": "0.468.0",
        "react": "19.0.0",
        "react-dom": "19.0.0",
        "three": "0.160.0",
        "three-mesh-bvh": "0.8.3"
      },
      "devDependencies": {
        "@types/estree": "file:vendor/types-estree",
        "@types/react": "19.0.3",
        "@types/react-dom": "19.0.2",
        "@types/three": "0.160.0",
        "@vitejs/plugin-react": "file:vendor/vite-plugin-react",
        "typescript": "5.7.2",
        "vite": "6.0.3",
        "vite-plugin-pwa": "file:vendor/vite-plugin-pwa"
      }
    },
    "node_modules/@types/estree": {
      "resolved": "vendor/types-estree",
      "link": true
    },
    "node_modules/@types/react": {
      "version": "19.0.3",
      "resolved": "https://registry.npmjs.org/@types/react/-/react-19.0.3.tgz",
      "integrity": "sha512-UavfHguIjnnuq9O67uXfgy/h3SRJbidAYvNjLceB+2RIKVRBzVsh0QO+Pw6BCSQqFS9xwzKfwstXx0m6AbAREA==",
      "dev": true,
      "license": "MIT",
      "dependencies": {
        "csstype": "^3.0.2"
      }
    },
    "node_modules/@types/react-dom": {
      "version": "19.0.2",
      "resolved": "https://registry.npmjs.org/@types/react-dom/-/react-dom-19.0.2.tgz",
      "integrity": "sha512-c1s+7TKFaDRRxr1TxccIX2u7sfCnc3RxkVyBIUA2lCpyqCF+QoAwQ/CBg7bsMdVwP120HEH143VQezKtef5nCg==",
      "dev": true,
      "license": "MIT",
      "peerDependencies": {
        "@types/react": "^19.0.0"
      }
    },
    "node_modules/@types/stats.js": {
      "version": "0.17.4",
      "resolved": "https://registry.npmjs.org/@types/stats.js/-/stats.js-0.17.4.tgz",
      "integrity": "sha512-jIBvWWShCvlBqBNIZt0KAshWpvSjhkwkEu4ZUcASoAvhmrgAUI2t1dXrjSL4xXVLB4FznPrIsX3nKXFl/Dt4vA==",
      "dev": true,
      "license": "MIT"
    },
    "node_modules/@types/three": {
      "version": "0.160.0",
      "resolved": "https://registry.npmjs.org/@types/three/-/three-0.160.0.tgz",
      "integrity": "sha512-jWlbUBovicUKaOYxzgkLlhkiEQJkhCVvg4W2IYD2trqD2om3VK4DGLpHH5zQHNr7RweZK/5re/4IVhbhvxbV9w==",
      "dev": true,
      "license": "MIT",
      "dependencies": {
        "@types/stats.js": "*",
        "@types/webxr": "*",
        "fflate": "~0.6.10",
        "meshoptimizer": "~0.18.1"
      }
    },
    "node_modules/@types/webxr": {
      "version": "0.5.24",
      "resolved": "https://registry.npmjs.org/@types/webxr/-/webxr-0.5.24.tgz",
      "integrity": "sha512-h8fgEd/DpoS9CBrjEQXR+dIDraopAEfu4wYVNY2tEPwk60stPWhvZMf4Foo5FakuQ7HFZoa8WceaWFervK2Ovg==",
      "dev": true,
      "license": "MIT"
    },
    "node_modules/@vitejs/plugin-react": {
      "resolved": "vendor/vite-plugin-react",
      "link": true
    },
    "node_modules/csstype": {
      "version": "3.2.3",
      "resolved": "https://registry.npmjs.org/csstype/-/csstype-3.2.3.tgz",
      "integrity": "sha512-z1HGKcYy2xA8AGQfwrn0PAy+PB7X/GSj3UVJW9qKyn43xWa+gl5nXmU4qqLMRzWVLFC8KusUX8T/0kCiOYpAIQ==",
      "dev": true,
      "license": "MIT"
    },
    "node_modules/esbuild": {
      "version": "0.24.2",
      "resolved": "https://registry.npmjs.org/esbuild/-/esbuild-0.24.2.tgz",
      "integrity": "sha512-+9egpBW8I3CD5XPe0n6BfT5fxLzxrlDzqydF3aviG+9ni1lDC/OvMHcxqEFV0+LANZG5R1bFMWfUrjVsdwxJvA==",
      "dev": true,
      "hasInstallScript": true,
      "license": "MIT",
      "bin": {
        "esbuild": "bin/esbuild"
      },
      "engines": {
        "node": ">=18"
      },
      "optionalDependencies": {
        "@esbuild/aix-ppc64": "0.24.2",
        "@esbuild/android-arm": "0.24.2",
        "@esbuild/android-arm64": "0.24.2",
        "@esbuild/android-x64": "0.24.2",
        "@esbuild/darwin-arm64": "0.24.2",
        "@esbuild/darwin-x64": "0.24.2",
        "@esbuild/freebsd-arm64": "0.24.2",
        "@esbuild/freebsd-x64": "0.24.2",
        "@esbuild/linux-arm": "0.24.2",
        "@esbuild/linux-arm64": "0.24.2",
        "@esbuild/linux-ia32": "0.24.2",
        "@esbuild/linux-loong64": "0.24.2",
        "@esbuild/linux-mips64el": "0.24.2",
        "@esbuild/linux-ppc64": "0.24.2",
        "@esbuild/linux-riscv64": "0.24.2",
        "@esbuild/linux-s390x": "0.24.2",
        "@esbuild/linux-x64": "0.24.2",
        "@esbuild/netbsd-arm64": "0.24.2",
        "@esbuild/netbsd-x64": "0.24.2",
        "@esbuild/openbsd-arm64": "0.24.2",
        "@esbuild/openbsd-x64": "0.24.2",
        "@esbuild/sunos-x64": "0.24.2",
        "@esbuild/win32-arm64": "0.24.2",
        "@esbuild/win32-ia32": "0.24.2",
        "@esbuild/win32-x64": "0.24.2"
      }
    },
    "node_modules/esbuild/node_modules/@esbuild/aix-ppc64": {
      "dev": true,
      "optional": true
    },
    "node_modules/esbuild/node_modules/@esbuild/android-arm": {
      "dev": true,
      "optional": true
    },
    "node_modules/esbuild/node_modules/@esbuild/android-arm64": {
      "dev": true,
      "optional": true
    },
    "node_modules/esbuild/node_modules/@esbuild/android-x64": {
      "dev": true,
      "optional": true
    },
    "node_modules/esbuild/node_modules/@esbuild/darwin-arm64": {
      "dev": true,
      "optional": true
    },
    "node_modules/esbuild/node_modules/@esbuild/darwin-x64": {
      "dev": true,
      "optional": true
    },
    "node_modules/esbuild/node_modules/@esbuild/freebsd-arm64": {
      "dev": true,
      "optional": true
    },
    "node_modules/esbuild/node_modules/@esbuild/freebsd-x64": {
      "dev": true,
      "optional": true
    },
    "node_modules/esbuild/node_modules/@esbuild/linux-arm": {
      "dev": true,
      "optional": true
    },
    "node_modules/esbuild/node_modules/@esbuild/linux-arm64": {
      "dev": true,
      "optional": true
    },
    "node_modules/esbuild/node_modules/@esbuild/linux-ia32": {
      "dev": true,
      "optional": true
    },
    "node_modules/esbuild/node_modules/@esbuild/linux-loong64": {
      "dev": true,
      "optional": true
    },
    "node_modules/esbuild/node_modules/@esbuild/linux-mips64el": {
      "dev": true,
      "optional": true
    },
    "node_modules/esbuild/node_modules/@esbuild/linux-ppc64": {
      "dev": true,
      "optional": true
    },
    "node_modules/esbuild/node_modules/@esbuild/linux-riscv64": {
      "dev": true,
      "optional": true
    },
    "node_modules/esbuild/node_modules/@esbuild/linux-s390x": {
      "dev": true,
      "optional": true
    },
    "node_modules/esbuild/node_modules/@esbuild/linux-x64": {
      "dev": true,
      "optional": true
    },
    "node_modules/esbuild/node_modules/@esbuild/netbsd-arm64": {
      "dev": true,
      "optional": true
    },
    "node_modules/esbuild/node_modules/@esbuild/netbsd-x64": {
      "dev": true,
      "optional": true
    },
    "node_modules/esbuild/node_modules/@esbuild/openbsd-arm64": {
      "dev": true,
      "optional": true
    },
    "node_modules/esbuild/node_modules/@esbuild/openbsd-x64": {
      "dev": true,
      "optional": true
    },
    "node_modules/esbuild/node_modules/@esbuild/sunos-x64": {
      "dev": true,
      "optional": true
    },
    "node_modules/esbuild/node_modules/@esbuild/win32-arm64": {
      "dev": true,
      "optional": true
    },
    "node_modules/esbuild/node_modules/@esbuild/win32-ia32": {
      "dev": true,
      "optional": true
    },
    "node_modules/esbuild/node_modules/@esbuild/win32-x64": {
      "dev": true,
      "optional": true
    },
    "node_modules/fflate": {
      "version": "0.6.11",
      "resolved": "https://registry.npmjs.org/fflate/-/fflate-0.6.11.tgz",
      "integrity": "sha512-3JyEFWGjFn7zHmoa9+zG1BmW7X2okcmAB+0Cnu9UFbVs/jCBnl2A8o065ZlXiw145K3eBM3uLuzrYXC0RK7eDg==",
      "dev": true,
      "license": "MIT"
    },
    "node_modules/fsevents": {
      "version": "2.3.3",
      "resolved": "https://registry.npmjs.org/fsevents/-/fsevents-2.3.3.tgz",
      "integrity": "sha512-5xoDfX+fL7faATnagmWPpbFtwh/R77WmMMqqHGS65C3vvB0YHrgF+B1YmZ3441tMj5n63k0212XNoJwzlhffQw==",
      "dev": true,
      "hasInstallScript": true,
      "license": "MIT",
      "optional": true,
      "os": [
        "darwin"
      ],
      "engines": {
        "node": "^8.16.0 || ^10.6.0 || >=11.0.0"
      }
    },
    "node_modules/idb": {
      "version": "8.0.3",
      "resolved": "https://registry.npmjs.org/idb/-/idb-8.0.3.tgz",
      "integrity": "sha512-LtwtVyVYO5BqRvcsKuB2iUMnHwPVByPCXFXOpuU96IZPPoPN6xjOGxZQ74pgSVVLQWtUOYgyeL4GE98BY5D3wg==",
      "license": "ISC"
    },
    "node_modules/lucide-react": {
      "version": "0.468.0",
      "resolved": "https://registry.npmjs.org/lucide-react/-/lucide-react-0.468.0.tgz",
      "integrity": "sha512-6koYRhnM2N0GGZIdXzSeiNwguv1gt/FAjZOiPl76roBi3xKEXa4WmfpxgQwTTL4KipXjefrnf3oV4IsYhi4JFA==",
      "license": "ISC",
      "peerDependencies": {
        "react": "^16.5.1 || ^17.0.0 || ^18.0.0 || ^19.0.0-rc"
      }
    },
    "node_modules/meshoptimizer": {
      "version": "0.18.1",
      "resolved": "https://registry.npmjs.org/meshoptimizer/-/meshoptimizer-0.18.1.tgz",
      "integrity": "sha512-ZhoIoL7TNV4s5B6+rx5mC//fw8/POGyNxS/DZyCJeiZ12ScLfVwRE/GfsxwiTkMYYD5DmK2/JXnEVXqL4rF+Sw==",
      "dev": true,
      "license": "MIT"
    },
    "node_modules/nanoid": {
      "version": "3.3.18",
      "resolved": "https://registry.npmjs.org/nanoid/-/nanoid-3.3.18.tgz",
      "integrity": "sha512-DTg4MJbGMWkfi6VZFdNt2/caMbQy4Ou+Op/hJQvGEWcnVfoA1QA+xzRKAzw9jD6+GVOOeYr/mIcuDSdug6F6+w==",
      "dev": true,
      "funding": [
        {
          "type": "github",
          "url": "https://github.com/sponsors/ai"
        }
      ],
      "license": "MIT",
      "bin": {
        "nanoid": "bin/nanoid.cjs"
      },
      "engines": {
        "node": "^10 || ^12 || ^13.7 || ^14 || >=15.0.1"
      }
    },
    "node_modules/picocolors": {
      "version": "1.1.1",
      "resolved": "https://registry.npmjs.org/picocolors/-/picocolors-1.1.1.tgz",
      "integrity": "sha512-xceH2snhtb5M9liqDsmEw56le376mTZkEX/jEb/RxNFyegNul7eNslCXP9FDj/Lcu0X8KEyMceP2ntpaHrDEVA==",
      "dev": true,
      "license": "ISC"
    },
    "node_modules/postcss": {
      "version": "8.5.28",
      "resolved": "https://registry.npmjs.org/postcss/-/postcss-8.5.28.tgz",
      "integrity": "sha512-RRuzqDtt5Y9h3quz5hWhK+TPnsmVs6WwSU6LkJMeY4HstUEDuYTG8UJSdawMRzmzAtV+KEoG8N3Qg2qLy5vM/A==",
      "dev": true,
      "funding": [
        {
          "type": "opencollective",
          "url": "https://opencollective.com/postcss/"
        },
        {
          "type": "tidelift",
          "url": "https://tidelift.com/funding/github/npm/postcss"
        },
        {
          "type": "github",
          "url": "https://github.com/sponsors/ai"
        }
      ],
      "license": "MIT",
      "dependencies": {
        "nanoid": "^3.3.18",
        "picocolors": "^1.1.1",
        "source-map-js": "^1.2.1"
      },
      "engines": {
        "node": "^10 || ^12 || >=14"
      }
    },
    "node_modules/react": {
      "version": "19.0.0",
      "resolved": "https://registry.npmjs.org/react/-/react-19.0.0.tgz",
      "integrity": "sha512-V8AVnmPIICiWpGfm6GLzCR/W5FXLchHop40W4nXBmdlEceh16rCN8O8LNWm5bh5XUX91fh7KpA+W0TgMKmgTpQ==",
      "license": "MIT",
      "engines": {
        "node": ">=0.10.0"
      }
    },
    "node_modules/react-dom": {
      "version": "19.0.0",
      "resolved": "https://registry.npmjs.org/react-dom/-/react-dom-19.0.0.tgz",
      "integrity": "sha512-4GV5sHFG0e/0AD4X+ySy6UJd3jVl1iNsNHdpad0qhABJ11twS3TTBnseqsKurKcsNqCEFeGL3uLpVChpIO3QfQ==",
      "license": "MIT",
      "dependencies": {
        "scheduler": "^0.25.0"
      },
      "peerDependencies": {
        "react": "^19.0.0"
      }
    },
    "node_modules/rollup": {
      "version": "4.63.1",
      "resolved": "https://registry.npmjs.org/rollup/-/rollup-4.63.1.tgz",
      "integrity": "sha512-3Df9jsstwhccuEfmAMi9l8XUh/GOkVObmFTU7CCVBysEbcOZLl84jCtaAZMcPiMz2EGKsATzQcU+Xr3n/wU6cg==",
      "dev": true,
      "license": "MIT",
      "dependencies": {
        "@types/estree": "1.0.9"
      },
      "bin": {
        "rollup": "dist/bin/rollup"
      },
      "engines": {
        "node": ">=18.0.0",
        "npm": ">=8.0.0"
      },
      "optionalDependencies": {
        "@napi-rs/lzma-linux-x64-gnu": "1.5.1",
        "@rollup/rollup-android-arm-eabi": "4.63.1",
        "@rollup/rollup-android-arm64": "4.63.1",
        "@rollup/rollup-darwin-arm64": "4.63.1",
        "@rollup/rollup-darwin-x64": "4.63.1",
        "@rollup/rollup-freebsd-arm64": "4.63.1",
        "@rollup/rollup-freebsd-x64": "4.63.1",
        "@rollup/rollup-linux-arm-gnueabihf": "4.63.1",
        "@rollup/rollup-linux-arm-musleabihf": "4.63.1",
        "@rollup/rollup-linux-arm64-gnu": "4.63.1",
        "@rollup/rollup-linux-arm64-musl": "4.63.1",
        "@rollup/rollup-linux-loong64-gnu": "4.63.1",
        "@rollup/rollup-linux-loong64-musl": "4.63.1",
        "@rollup/rollup-linux-ppc64-gnu": "4.63.1",
        "@rollup/rollup-linux-ppc64-musl": "4.63.1",
        "@rollup/rollup-linux-riscv64-gnu": "4.63.1",
        "@rollup/rollup-linux-riscv64-musl": "4.63.1",
        "@rollup/rollup-linux-s390x-gnu": "4.63.1",
        "@rollup/rollup-linux-x64-gnu": "4.63.1",
        "@rollup/rollup-linux-x64-musl": "4.63.1",
        "@rollup/rollup-openbsd-x64": "4.63.1",
        "@rollup/rollup-openharmony-arm64": "4.63.1",
        "@rollup/rollup-win32-arm64-msvc": "4.63.1",
        "@rollup/rollup-win32-ia32-msvc": "4.63.1",
        "@rollup/rollup-win32-x64-gnu": "4.63.1",
        "@rollup/rollup-win32-x64-msvc": "4.63.1",
        "fsevents": "~2.3.2"
      }
    },
    "node_modules/rollup/node_modules/@napi-rs/lzma-linux-x64-gnu": {
      "dev": true,
      "optional": true
    },
    "node_modules/rollup/node_modules/@rollup/rollup-android-arm-eabi": {
      "dev": true,
      "optional": true
    },
    "node_modules/rollup/node_modules/@rollup/rollup-android-arm64": {
      "dev": true,
      "optional": true
    },
    "node_modules/rollup/node_modules/@rollup/rollup-darwin-arm64": {
      "dev": true,
      "optional": true
    },
    "node_modules/rollup/node_modules/@rollup/rollup-darwin-x64": {
      "dev": true,
      "optional": true
    },
    "node_modules/rollup/node_modules/@rollup/rollup-freebsd-arm64": {
      "dev": true,
      "optional": true
    },
    "node_modules/rollup/node_modules/@rollup/rollup-freebsd-x64": {
      "dev": true,
      "optional": true
    },
    "node_modules/rollup/node_modules/@rollup/rollup-linux-arm-gnueabihf": {
      "dev": true,
      "optional": true
    },
    "node_modules/rollup/node_modules/@rollup/rollup-linux-arm-musleabihf": {
      "dev": true,
      "optional": true
    },
    "node_modules/rollup/node_modules/@rollup/rollup-linux-arm64-gnu": {
      "dev": true,
      "optional": true
    },
    "node_modules/rollup/node_modules/@rollup/rollup-linux-arm64-musl": {
      "dev": true,
      "optional": true
    },
    "node_modules/rollup/node_modules/@rollup/rollup-linux-loong64-gnu": {
      "dev": true,
      "optional": true
    },
    "node_modules/rollup/node_modules/@rollup/rollup-linux-loong64-musl": {
      "dev": true,
      "optional": true
    },
    "node_modules/rollup/node_modules/@rollup/rollup-linux-ppc64-gnu": {
      "dev": true,
      "optional": true
    },
    "node_modules/rollup/node_modules/@rollup/rollup-linux-ppc64-musl": {
      "dev": true,
      "optional": true
    },
    "node_modules/rollup/node_modules/@rollup/rollup-linux-riscv64-gnu": {
      "dev": true,
      "optional": true
    },
    "node_modules/rollup/node_modules/@rollup/rollup-linux-riscv64-musl": {
      "dev": true,
      "optional": true
    },
    "node_modules/rollup/node_modules/@rollup/rollup-linux-s390x-gnu": {
      "dev": true,
      "optional": true
    },
    "node_modules/rollup/node_modules/@rollup/rollup-linux-x64-gnu": {
      "dev": true,
      "optional": true
    },
    "node_modules/rollup/node_modules/@rollup/rollup-linux-x64-musl": {
      "dev": true,
      "optional": true
    },
    "node_modules/rollup/node_modules/@rollup/rollup-openbsd-x64": {
      "dev": true,
      "optional": true
    },
    "node_modules/rollup/node_modules/@rollup/rollup-openharmony-arm64": {
      "dev": true,
      "optional": true
    },
    "node_modules/rollup/node_modules/@rollup/rollup-win32-arm64-msvc": {
      "dev": true,
      "optional": true
    },
    "node_modules/rollup/node_modules/@rollup/rollup-win32-ia32-msvc": {
      "dev": true,
      "optional": true
    },
    "node_modules/rollup/node_modules/@rollup/rollup-win32-x64-gnu": {
      "dev": true,
      "optional": true
    },
    "node_modules/rollup/node_modules/@rollup/rollup-win32-x64-msvc": {
      "dev": true,
      "optional": true
    },
    "node_modules/scheduler": {
      "version": "0.25.0",
      "resolved": "https://registry.npmjs.org/scheduler/-/scheduler-0.25.0.tgz",
      "integrity": "sha512-xFVuu11jh+xcO7JOAGJNOXld8/TcEHK/4CituBUeUb5hqxJLj9YuemAEuvm9gQ/+pgXYfbQuqAkiYu+u7YEsNA==",
      "license": "MIT"
    },
    "node_modules/source-map-js": {
      "version": "1.2.1",
      "resolved": "https://registry.npmjs.org/source-map-js/-/source-map-js-1.2.1.tgz",
      "integrity": "sha512-UXWMKhLOwVKb728IUtQPXxfYU+usdybtUrK/8uGE8CQMvrhOpwvzDBwj0QhSL7MQc7vIsISBG8VQ8+IDQxpfQA==",
      "dev": true,
      "license": "BSD-3-Clause",
      "engines": {
        "node": ">=0.10.0"
      }
    },
    "node_modules/three": {
      "version": "0.160.0",
      "resolved": "https://registry.npmjs.org/three/-/three-0.160.0.tgz",
      "integrity": "sha512-DLU8lc0zNIPkM7rH5/e1Ks1Z8tWCGRq6g8mPowdDJpw1CFBJMU7UoJjC6PefXW7z//SSl0b2+GCw14LB+uDhng==",
      "license": "MIT"
    },
    "node_modules/three-mesh-bvh": {
      "version": "0.8.3",
      "resolved": "https://registry.npmjs.org/three-mesh-bvh/-/three-mesh-bvh-0.8.3.tgz",
      "integrity": "sha512-4G5lBaF+g2auKX3P0yqx+MJC6oVt6sB5k+CchS6Ob0qvH0YIhuUk1eYr7ktsIpY+albCqE80/FVQGV190PmiAg==",
      "license": "MIT",
      "peerDependencies": {
        "three": ">= 0.159.0"
      }
    },
    "node_modules/typescript": {
      "version": "5.7.2",
      "resolved": "https://registry.npmjs.org/typescript/-/typescript-5.7.2.tgz",
      "integrity": "sha512-i5t66RHxDvVN40HfDd1PsEThGNnlMCMT3jMUuoh9/0TaqWevNontacunWyN02LA9/fIbEWlcHZcgTKb9QoaLfg==",
      "dev": true,
      "license": "Apache-2.0",
      "bin": {
        "tsc": "bin/tsc",
        "tsserver": "bin/tsserver"
      },
      "engines": {
        "node": ">=14.17"
      }
    },
    "node_modules/vite": {
      "version": "6.0.3",
      "resolved": "https://registry.npmjs.org/vite/-/vite-6.0.3.tgz",
      "integrity": "sha512-Cmuo5P0ENTN6HxLSo6IHsjCLn/81Vgrp81oaiFFMRa8gGDj5xEjIcEpf2ZymZtZR8oU0P2JX5WuUp/rlXcHkAw==",
      "dev": true,
      "license": "MIT",
      "dependencies": {
        "esbuild": "^0.24.0",
        "postcss": "^8.4.49",
        "rollup": "^4.23.0"
      },
      "bin": {
        "vite": "bin/vite.js"
      },
      "engines": {
        "node": "^18.0.0 || ^20.0.0 || >=22.0.0"
      },
      "funding": {
        "url": "https://github.com/vitejs/vite?sponsor=1"
      },
      "optionalDependencies": {
        "fsevents": "~2.3.3"
      },
      "peerDependencies": {
        "@types/node": "^18.0.0 || ^20.0.0 || >=22.0.0",
        "jiti": ">=1.21.0",
        "less": "*",
        "lightningcss": "^1.21.0",
        "sass": "*",
        "sass-embedded": "*",
        "stylus": "*",
        "sugarss": "*",
        "terser": "^5.16.0",
        "tsx": "^4.8.1",
        "yaml": "^2.4.2"
      },
      "peerDependenciesMeta": {
        "@types/node": {
          "optional": true
        },
        "jiti": {
          "optional": true
        },
        "less": {
          "optional": true
        },
        "lightningcss": {
          "optional": true
        },
        "sass": {
          "optional": true
        },
        "sass-embedded": {
          "optional": true
        },
        "stylus": {
          "optional": true
        },
        "sugarss": {
          "optional": true
        },
        "terser": {
          "optional": true
        },
        "tsx": {
          "optional": true
        },
        "yaml": {
          "optional": true
        }
      }
    },
    "node_modules/vite-plugin-pwa": {
      "resolved": "vendor/vite-plugin-pwa",
      "link": true
    },
    "vendor/types-estree": {
      "name": "@types/estree",
      "version": "1.0.6",
      "dev": true
    },
    "vendor/vite-plugin-pwa": {
      "version": "0.21.1",
      "dev": true,
      "peerDependencies": {
        "vite": "^6.0.0"
      }
    },
    "vendor/vite-plugin-react": {
      "name": "@vitejs/plugin-react",
      "version": "4.3.4",
      "dev": true,
      "peerDependencies": {
        "vite": "^6.0.0"
      }
    }
  }
}
